
Microsoft Visual Studio Solution File, Format Version 12.00
# Visual Studio Version 16
VisualStudioVersion = 16.0.30517.126
MinimumVisualStudioVersion = 10.0.40219.1
Project("{FAE04EC0-301F-11D3-BF4B-00C04F79EFBC}") = "ForExample", "ForExample\ForExample.csproj", "{12E6F13E-A39D-4A06-9F1D-E5597D76CA8D}"
EndProject
Global
	GlobalSection(SolutionConfigurationPlatforms) = preSolution
		Debug|Any CPU = Debug|Any CPU
		Release|Any CPU = Release|Any CPU
	EndGlobalSection
	GlobalSection(ProjectConfigurationPlatforms) = postSolution
		{12E6F13E-A39D-4A06-9F1D-E5597D76CA8D}.Debug|Any CPU.ActiveCfg = Debug|Any CPU
		{12E6F13E-A39D-4A06-9F1D-E5597D76CA8D}.Debug|Any CPU.Build.0 = Debug|Any CPU
		{12E6F13E-A39D-4A06-9F1D-E5597D76CA8D}.Release|Any CPU.ActiveCfg = Release|Any CPU
		{12E6F13E-A39D-4A06-9F1D-E5597D76CA8D}.Release|Any CPU.Build.0 = Release|Any CPU
	EndGlobalSection
	GlobalSection(SolutionProperties) = preSolution
		HideSolutionNode = FALSE
	EndGlobalSection
	GlobalSection(ExtensibilityGlobals) = postSolution
		SolutionGuid = {39351835-3DBD-48B2-A6CB-BA7BC01FD9F4}
	EndGlobalSection
EndGlobal
